// !$*UTF8*$!
{
	archiveVersion = 1;
	classes = {
	};
	objectVersion = 46;
	objects = {

/* Begin PBXBuildFile section */
		5023835E1BA082900049D164 /* AppDelegate.swift in Sources */ = {isa = PBXBuildFile; fileRef = 5023835D1BA082900049D164 /* AppDelegate.swift */; };
		502383601BA082900049D164 /* ViewController.swift in Sources */ = {isa = PBXBuildFile; fileRef = 5023835F1BA082900049D164 /* ViewController.swift */; };
		502383631BA082900049D164 /* Main.storyboard in Resources */ = {isa = PBXBuildFile; fileRef = 502383611BA082900049D164 /* Main.storyboard */; };
		502383651BA082900049D164 /* Images.xcassets in Resources */ = {isa = PBXBuildFile; fileRef = 502383641BA082900049D164 /* Images.xcassets */; };
		502383681BA082900049D164 /* LaunchScreen.xib in Resources */ = {isa = PBXBuildFile; fileRef = 502383661BA082900049D164 /* LaunchScreen.xib */; };
		502383741BA082910049D164 /* calculatorTests.swift in Sources */ = {isa = PBXBuildFile; fileRef = 502383731BA082910049D164 /* calculatorTests.swift */; };
/* End PBXBuildFile section */

/* Begin PBXContainerItemProxy section */
		5023836E1BA082910049D164 /* PBXContainerItemProxy */ = {
			isa = PBXContainerItemProxy;
			containerPortal = 502383501BA082900049D164 /* Project object */;
			proxyType = 1;
			remoteGlobalIDString = 502383571BA082900049D164;
			remoteInfo = calculator;
		};
/* End PBXContainerItemProxy section */

/* Begin PBXFileReference section */
		502383581BA082900049D164 /* calculator.app */ = {isa = PBXFileReference; explicitFileType = wrapper.application; includeInIndex = 0; path = calculator.app; sourceTree = BUILT_PRODUCTS_DIR; };
		5023835C1BA082900049D164 /* Info.plist */ = {isa = PBXFileReference; lastKnownFileType = text.plist.xml; path = Info.plist; sourceTree = "<group>"; };
		5023835D1BA082900049D164 /* AppDelegate.swift */ = {isa = PBXFileReference; lastKnownFileType = sourcecode.swift; path = AppDelegate.swift; sourceTree = "<group>"; };
		5023835F1BA082900049D164 /* ViewController.swift */ = {isa = PBXFileReference; lastKnownFileType = sourcecode.swift; path = ViewController.swift; sourceTree = "<group>"; };
		502383621BA082900049D164 /* Base */ = {isa = PBXFileReference; lastKnownFileType = file.storyboard; name = Base; path = Base.lproj/Main.storyboard; sourceTree = "<group>"; };
		502383641BA082900049D164 /* Images.xcassets */ = {isa = PBXFileReference; lastKnownFileType = folder.assetcatalog; path = Images.xcassets; sourceTree = "<group>"; };
		502383671BA082900049D164 /* Base */ = {isa = PBXFileReference; lastKnownFileType = file.xib; name = Base; path = Base.lproj/LaunchScreen.xib; sourceTree = "<group>"; };
		5023836D1BA082910049D164 /* calculatorTests.xctest */ = {isa = PBXFileReference; explicitFileType = wrapper.cfbundle; includeInIndex = 0; path = calculatorTests.xctest; sourceTree = BUILT_PRODUCTS_DIR; };
		502383721BA082910049D164 /* Info.plist */ = {isa = PBXFileReference; lastKnownFileType = text.plist.xml; path = Info.plist; sourceTree = "<group>"; };
		502383731BA082910049D164 /* calculatorTests.swift */ = {isa = PBXFileReference; lastKnownFileType = sourcecode.swift; path = calculatorTests.swift; sourceTree = "<group>"; };
/* End PBXFileReference section */

/* Begin PBXFrameworksBuildPhase section */
		502383551BA082900049D164 /* Frameworks */ = {
			isa = PBXFrameworksBuildPhase;
			buildActionMask = 2147483647;
			files = (
			);
			runOnlyForDeploymentPostprocessing = 0;
		};
		5023836A1BA082910049D164 /* Frameworks */ = {
			isa = PBXFrameworksBuildPhase;
			buildActionMask = 2147483647;
			files = (
			);
			runOnlyForDeploymentPostprocessing = 0;
		};
/* End PBXFrameworksBuildPhase section */

/* Begin PBXGroup section */
		5023834F1BA082900049D164 = {
			isa = PBXGroup;
			children = (
				5023835A1BA082900049D164 /* calculator */,
				502383701BA082910049D164 /* calculatorTests */,
				502383591BA082900049D164 /* Products */,
			);
			sourceTree = "<group>";
		};
		502383591BA082900049D164 /* Products */ = {
			isa = PBXGroup;
			children = (
				502383581BA082900049D164 /* calculator.app */,
				5023836D1BA082910049D164 /* calculatorTests.xctest */,
			);
			name = Products;
			sourceTree = "<group>";
		};
		5023835A1BA082900049D164 /* calculator */ = {
			isa = PBXGroup;
			children = (
				5023835F1BA082900049D164 /* ViewController.swift */,
				502383611BA082900049D164 /* Main.storyboard */,
				5023835B1BA082900049D164 /* Supporting Files */,
			);
			path = calculator;
			sourceTree = "<group>";
		};
		5023835B1BA082900049D164 /* Supporting Files */ = {
			isa = PBXGroup;
			children = (
				5023835D1BA082900049D164 /* AppDelegate.swift */,
				502383641BA082900049D164 /* Images.xcassets */,
				502383661BA082900049D164 /* LaunchScreen.xib */,
				5023835C1BA082900049D164 /* Info.plist */,
			);
			name = "Supporting Files";
			sourceTree = "<group>";
		};
		502383701BA082910049D164 /* calculatorTests */ = {
			isa = PBXGroup;
			children = (
				502383731BA082910049D164 /* calculatorTests.swift */,
				502383711BA082910049D164 /* Supporting Files */,
			);
			path = calculatorTests;
			sourceTree = "<group>";
		};
		502383711BA082910049D164 /* Supporting Files */ = {
			isa = PBXGroup;
			children = (
				502383721BA082910049D164 /* Info.plist */,
			);
			name = "Supporting Files";
			sourceTree = "<group>";
		};
/* End PBXGroup section */

/* Begin PBXNativeTarget section */
		502383571BA082900049D164 /* calculator */ = {
			isa = PBXNativeTarget;
			buildConfigurationList = 502383771BA082910049D164 /* Build configuration list for PBXNativeTarget "calculator" */;
			buildPhases = (
				502383541BA082900049D164 /* Sources */,
				502383551BA082900049D164 /* Frameworks */,
				502383561BA082900049D164 /* Resources */,
			);
			buildRules = (
			);
			dependencies = (
			);
			name = calculator;
			productName = calculator;
			productReference = 502383581BA082900049D164 /* calculator.app */;
			productType = "com.apple.product-type.application";
		};
		5023836C1BA082910049D164 /* calculatorTests */ = {
			isa = PBXNativeTarget;
			buildConfigurationList = 5023837A1BA082910049D164 /* Build configuration list for PBXNativeTarget "calculatorTests" */;
			buildPhases = (
				502383691BA082910049D164 /* Sources */,
				5023836A1BA082910049D164 /* Frameworks */,
				5023836B1BA082910049D164 /* Resources */,
			);
			buildRules = (
			);
			dependencies = (
				5023836F1BA082910049D164 /* PBXTargetDependency */,
			);
			name = calculatorTests;
			productName = calculatorTests;
			productReference = 5023836D1BA082910049D164 /* calculatorTests.xctest */;
			productType = "com.apple.product-type.bundle.unit-test";
		};
/* End PBXNativeTarget section */

/* Begin PBXProject section */
		502383501BA082900049D164 /* Project object */ = {
			isa = PBXProject;
			attributes = {
				LastUpgradeCheck = 0610;
				ORGANIZATIONNAME = Maxzsc;
				TargetAttributes = {
					502383571BA082900049D164 = {
						CreatedOnToolsVersion = 6.1;
					};
					5023836C1BA082910049D164 = {
						CreatedOnToolsVersion = 6.1;
						TestTargetID = 502383571BA082900049D164;
					};
				};
			};
			buildConfigurationList = 502383531BA082900049D164 /* Build configuration list for PBXProject "calculator" */;
			compatibilityVersion = "Xcode 3.2";
			developmentRegion = English;
			hasScannedForEncodings = 0;
			knownRegions = (
				en,
				Base,
			);
			mainGroup = 5023834F1BA082900049D164;
			productRefGroup = 502383591BA082900049D164 /* Products */;
			projectDirPath = "";
			projectRoot = "";
			targets = (
				502383571BA082900049D164 /* calculator */,
				5023836C1BA082910049D164 /* calculatorTests */,
			);
		};
/* End PBXProject section */

/* Begin PBXResourcesBuildPhase section */
		502383561BA082900049D164 /* Resources */ = {
			isa = PBXResourcesBuildPhase;
			buildActionMask = 2147483647;
			files = (
				502383631BA082900049D164 /* Main.storyboard in Resources */,
				502383681BA082900049D164 /* LaunchScreen.xib in Resources */,
				502383651BA082900049D164 /* Images.xcassets in Resources */,
			);
			runOnlyForDeploymentPostprocessing = 0;
		};
		5023836B1BA082910049D164 /* Resources */ = {
			isa = PBXResourcesBuildPhase;
			buildActionMask = 2147483647;
			files = (
			);
			runOnlyForDeploymentPostprocessing = 0;
		};
/* End PBXResourcesBuildPhase section */

/* Begin PBXSourcesBuildPhase section */
		502383541BA082900049D164 /* Sources */ = {
			isa = PBXSourcesBuildPhase;
			buildActionMask = 2147483647;
			files = (
				502383601BA082900049D164 /* ViewController.swift in Sources */,
				5023835E1BA082900049D164 /* AppDelegate.swift in Sources */,
			);
			runOnlyForDeploymentPostprocessing = 0;
		};
		502383691BA082910049D164 /* Sources */ = {
			isa = PBXSourcesBuildPhase;
			buildActionMask = 2147483647;
			files = (
				502383741BA082910049D164 /* calculatorTests.swift in Sources */,
			);
			runOnlyForDeploymentPostprocessing = 0;
		};
/* End PBXSourcesBuildPhase section */

/* Begin PBXTargetDependency section */
		5023836F1BA082910049D164 /* PBXTargetDependency */ = {
			isa = PBXTargetDependency;
			target = 502383571BA082900049D164 /* calculator */;
			targetProxy = 5023836E1BA082910049D164 /* PBXContainerItemProxy */;
		};
/* End PBXTargetDependency section */

/* Begin PBXVariantGroup section */
		502383611BA082900049D164 /* Main.storyboard */ = {
			isa = PBXVariantGroup;
			children = (
				502383621BA082900049D164 /* Base */,
			);
			name = Main.storyboard;
			sourceTree = "<group>";
		};
		502383661BA082900049D164 /* LaunchScreen.xib */ = {
			isa = PBXVariantGroup;
			children = (
				502383671BA082900049D164 /* Base */,
			);
			name = LaunchScreen.xib;
			sourceTree = "<group>";
		};
/* End PBXVariantGroup section */

/* Begin XCBuildConfiguration section */
		502383751BA082910049D164 /* Debug */ = {
			isa = XCBuildConfiguration;
			buildSettings = {
				ALWAYS_SEARCH_USER_PATHS = NO;
				CLANG_CXX_LANGUAGE_STANDARD = "gnu++0x";
				CLANG_CXX_LIBRARY = "libc++";
				CLANG_ENABLE_MODULES = YES;
				CLANG_ENABLE_OBJC_ARC = YES;
				CLANG_WARN_BOOL_CONVERSION = YES;
				CLANG_WARN_CONSTANT_CONVERSION = YES;
				CLANG_WARN_DIRECT_OBJC_ISA_USAGE = YES_ERROR;
				CLANG_WARN_EMPTY_BODY = YES;
				CLANG_WARN_ENUM_CONVERSION = YES;
				CLANG_WARN_INT_CONVERSION = YES;
				CLANG_WARN_OBJC_ROOT_CLASS = YES_ERROR;
				CLANG_WARN_UNREACHABLE_CODE = YES;
				CLANG_WARN__DUPLICATE_METHOD_MATCH = YES;
				"CODE_SIGN_IDENTITY[sdk=iphoneos*]" = "iPhone Developer";
				COPY_PHASE_STRIP = NO;
				ENABLE_STRICT_OBJC_MSGSEND = YES;
				GCC_C_LANGUAGE_STANDARD = gnu99;
				GCC_DYNAMIC_NO_PIC = NO;
				GCC_OPTIMIZATION_LEVEL = 0;
				GCC_PREPROCESSOR_DEFINITIONS = (
					"DEBUG=1",
					"$(inherited)",
				);
				GCC_SYMBOLS_PRIVATE_EXTERN = NO;
				GCC_WARN_64_TO_32_BIT_CONVERSION = YES;
				GCC_WARN_ABOUT_RETURN_TYPE = YES_ERROR;
				GCC_WARN_UNDECLARED_SELECTOR = YES;
				GCC_WARN_UNINITIALIZED_AUTOS = YES_AGGRESSIVE;
				GCC_WARN_UNUSED_FUNCTION = YES;
				GCC_WARN_UNUSED_VARIABLE = YES;
				IPHONEOS_DEPLOYMENT_TARGET = 8.1;
				MTL_ENABLE_DEBUG_INFO = YES;
				ONLY_ACTIVE_ARCH = YES;
				SDKROOT = iphoneos;
				SWIFT_OPTIMIZATION_LEVEL = "-Onone";
				TARGETED_DEVICE_FAMILY = "1,2";
			};
			name = Debug;
		};
		502383761BA082910049D164 /* Release */ = {
			isa = XCBuildConfiguration;
			buildSettings = {
				ALWAYS_SEARCH_USER_PATHS = NO;
				CLANG_CXX_LANGUAGE_STANDARD = "gnu++0x";
				CLANG_CXX_LIBRARY = "libc++";
				CLANG_ENABLE_MODULES = YES;
				CLANG_ENABLE_OBJC_ARC = YES;
				CLANG_WARN_BOOL_CONVERSION = YES;
				CLANG_WARN_CONSTANT_CONVERSION = YES;
				CLANG_WARN_DIRECT_OBJC_ISA_USAGE = YES_ERROR;
				CLANG_WARN_EMPTY_BODY = YES;
				CLANG_WARN_ENUM_CONVERSION = YES;
				CLANG_WARN_INT_CONVERSION = YES;
				CLANG_WARN_OBJC_ROOT_CLASS = YES_ERROR;
				CLANG_WARN_UNREACHABLE_CODE = YES;
				CLANG_WARN__DUPLICATE_METHOD_MATCH = YES;
				"CODE_SIGN_IDENTITY[sdk=iphoneos*]" = "iPhone Developer";
				COPY_PHASE_STRIP = YES;
				ENABLE_NS_ASSERTIONS = NO;
				ENABLE_STRICT_OBJC_MSGSEND = YES;
				GCC_C_LANGUAGE_STANDARD = gnu99;
				GCC_WARN_64_TO_32_BIT_CONVERSION = YES;
				GCC_WARN_ABOUT_RETURN_TYPE = YES_ERROR;
				GCC_WARN_UNDECLARED_SELECTOR = YES;
				GCC_WARN_UNINITIALIZED_AUTOS = YES_AGGRESSIVE;
				GCC_WARN_UNUSED_FUNCTION = YES;
				GCC_WARN_UNUSED_VARIABLE = YES;
				IPHONEOS_DEPLOYMENT_TARGET = 8.1;
				MTL_ENABLE_DEBUG_INFO = NO;
				SDKROOT = iphoneos;
				TARGETED_DEVICE_FAMILY = "1,2";
				VALIDATE_PRODUCT = YES;
			};
			name = Release;
		};
		502383781BA082910049D164 /* Debug */ = {
			isa = XCBuildConfiguration;
			buildSettings = {
				ASSETCATALOG_COMPILER_APPICON_NAME = AppIcon;
				INFOPLIST_FILE = calculator/Info.plist;
				LD_RUNPATH_SEARCH_PATHS = "$(inherited) @executable_path/Frameworks";
				PRODUCT_NAME = "$(TARGET_NAME)";
			};
			name = Debug;
		};
		502383791BA082910049D164 /* Release */ = {
			isa = XCBuildConfiguration;
			buildSettings = {
				ASSETCATALOG_COMPILER_APPICON_NAME = AppIcon;
				INFOPLIST_FILE = calculator/Info.plist;
				LD_RUNPATH_SEARCH_PATHS = "$(inherited) @executable_path/Frameworks";
				PRODUCT_NAME = "$(TARGET_NAME)";
			};
			name = Release;
		};
		5023837B1BA082910049D164 /* Debug */ = {
			isa = XCBuildConfiguration;
			buildSettings = {
				BUNDLE_LOADER = "$(TEST_HOST)";
				FRAMEWORK_SEARCH_PATHS = (
					"$(SDKROOT)/Developer/Library/Frameworks",
					"$(inherited)",
				);
				GCC_PREPROCESSOR_DEFINITIONS = (
					"DEBUG=1",
					"$(inherited)",
				);
				INFOPLIST_FILE = calculatorTests/Info.plist;
				LD_RUNPATH_SEARCH_PATHS = "$(inherited) @executable_path/Frameworks @loader_path/Frameworks";
				PRODUCT_NAME = "$(TARGET_NAME)";
				TEST_HOST = "$(BUILT_PRODUCTS_DIR)/calculator.app/calculator";
			};
			name = Debug;
		};
		5023837C1BA082910049D164 /* Release */ = {
			isa = XCBuildConfiguration;
			buildSettings = {
				BUNDLE_LOADER = "$(TEST_HOST)";
				FRAMEWORK_SEARCH_PATHS = (
					"$(SDKROOT)/Developer/Library/Frameworks",
					"$(inherited)",
				);
				INFOPLIST_FILE = calculatorTests/Info.plist;
				LD_RUNPATH_SEARCH_PATHS = "$(inherited) @executable_path/Frameworks @loader_path/Frameworks";
				PRODUCT_NAME = "$(TARGET_NAME)";
				TEST_HOST = "$(BUILT_PRODUCTS_DIR)/calculator.app/calculator";
			};
			name = Release;
		};
/* End XCBuildConfiguration section */

/* Begin XCConfigurationList section */
		502383531BA082900049D164 /* Build configuration list for PBXProject "calculator" */ = {
			isa = XCConfigurationList;
			buildConfigurations = (
				502383751BA082910049D164 /* Debug */,
				502383761BA082910049D164 /* Release */,
			);
			defaultConfigurationIsVisible = 0;
			defaultConfigurationName = Release;
		};
		502383771BA082910049D164 /* Build configuration list for PBXNativeTarget "calculator" */ = {
			isa = XCConfigurationList;
			buildConfigurations = (
				502383781BA082910049D164 /* Debug */,
				502383791BA082910049D164 /* Release */,
			);
			defaultConfigurationIsVisible = 0;
		};
		5023837A1BA082910049D164 /* Build configuration list for PBXNativeTarget "calculatorTests" */ = {
			isa = XCConfigurationList;
			buildConfigurations = (
				5023837B1BA082910049D164 /* Debug */,
				5023837C1BA082910049D164 /* Release */,
			);
			defaultConfigurationIsVisible = 0;
		};
/* End XCConfigurationList section */
	};
	rootObject = 502383501BA082900049D164 /* Project object */;
}
